
Microsoft Visual Studio Solution File, Format Version 12.00
# Visual Studio Version 16
VisualStudioVersion = 16.0.29926.136
MinimumVisualStudioVersion = 10.0.40219.1
Project("{FAE04EC0-301F-11D3-BF4B-00C04F79EFBC}") = "WEB", "WEB\WEB.csproj", "{C36BD8D5-C141-4AEE-8D68-A6129E435407}"
EndProject
Project("{FAE04EC0-301F-11D3-BF4B-00C04F79EFBC}") = "NLayerDesignStudio_DAL", "NLayerDesignStudio_DAL\NLayerDesignStudio_DAL.csproj", "{C3CD43B5-DEED-4FA8-AF5A-37852291CFB4}"
EndProject
Project("{FAE04EC0-301F-11D3-BF4B-00C04F79EFBC}") = "NLayerDesignStudio_BLL", "NLayerDesignStudio_BLL\NLayerDesignStudio_BLL.csproj", "{39AAC6B2-BF4D-4694-B8EC-32E8CE8F51CD}"
EndProject
Global
	GlobalSection(SolutionConfigurationPlatforms) = preSolution
		Debug|Any CPU = Debug|Any CPU
		Release|Any CPU = Release|Any CPU
	EndGlobalSection
	GlobalSection(ProjectConfigurationPlatforms) = postSolution
		{C36BD8D5-C141-4AEE-8D68-A6129E435407}.Debug|Any CPU.ActiveCfg = Debug|Any CPU
		{C36BD8D5-C141-4AEE-8D68-A6129E435407}.Debug|Any CPU.Build.0 = Debug|Any CPU
		{C36BD8D5-C141-4AEE-8D68-A6129E435407}.Release|Any CPU.ActiveCfg = Release|Any CPU
		{C36BD8D5-C141-4AEE-8D68-A6129E435407}.Release|Any CPU.Build.0 = Release|Any CPU
		{C3CD43B5-DEED-4FA8-AF5A-37852291CFB4}.Debug|Any CPU.ActiveCfg = Debug|Any CPU
		{C3CD43B5-DEED-4FA8-AF5A-37852291CFB4}.Debug|Any CPU.Build.0 = Debug|Any CPU
		{C3CD43B5-DEED-4FA8-AF5A-37852291CFB4}.Release|Any CPU.ActiveCfg = Release|Any CPU
		{C3CD43B5-DEED-4FA8-AF5A-37852291CFB4}.Release|Any CPU.Build.0 = Release|Any CPU
		{39AAC6B2-BF4D-4694-B8EC-32E8CE8F51CD}.Debug|Any CPU.ActiveCfg = Debug|Any CPU
		{39AAC6B2-BF4D-4694-B8EC-32E8CE8F51CD}.Debug|Any CPU.Build.0 = Debug|Any CPU
		{39AAC6B2-BF4D-4694-B8EC-32E8CE8F51CD}.Release|Any CPU.ActiveCfg = Release|Any CPU
		{39AAC6B2-BF4D-4694-B8EC-32E8CE8F51CD}.Release|Any CPU.Build.0 = Release|Any CPU
	EndGlobalSection
	GlobalSection(SolutionProperties) = preSolution
		HideSolutionNode = FALSE
	EndGlobalSection
	GlobalSection(ExtensibilityGlobals) = postSolution
		SolutionGuid = {C189FC82-F79A-4614-865B-789034F8EDC7}
	EndGlobalSection
EndGlobal
